
Microsoft Visual Studio Solution File, Format Version 12.00
# Visual Studio 15
VisualStudioVersion = 15.0.27703.2047
MinimumVisualStudioVersion = 10.0.40219.1
Project("{9A19103F-16F7-4668-BE54-9A1E7A4F7556}") = "RateLimitAPI", "RateLimitAPI\RateLimitAPI.csproj", "{8F5C262F-CA94-4474-B4C1-E938300B9F79}"
EndProject
Project("{FAE04EC0-301F-11D3-BF4B-00C04F79EFBC}") = "RateLimitAPI.Test", "RateLimitAPI.Test\RateLimitAPI.Test.csproj", "{02D39E1F-E48F-4EEC-A765-E2A19C144F6C}"
EndProject
Global
	GlobalSection(SolutionConfigurationPlatforms) = preSolution
		Debug|Any CPU = Debug|Any CPU
		Release|Any CPU = Release|Any CPU
	EndGlobalSection
	GlobalSection(ProjectConfigurationPlatforms) = postSolution
		{8F5C262F-CA94-4474-B4C1-E938300B9F79}.Debug|Any CPU.ActiveCfg = Debug|Any CPU
		{8F5C262F-CA94-4474-B4C1-E938300B9F79}.Debug|Any CPU.Build.0 = Debug|Any CPU
		{8F5C262F-CA94-4474-B4C1-E938300B9F79}.Release|Any CPU.ActiveCfg = Release|Any CPU
		{8F5C262F-CA94-4474-B4C1-E938300B9F79}.Release|Any CPU.Build.0 = Release|Any CPU
		{02D39E1F-E48F-4EEC-A765-E2A19C144F6C}.Debug|Any CPU.ActiveCfg = Debug|Any CPU
		{02D39E1F-E48F-4EEC-A765-E2A19C144F6C}.Debug|Any CPU.Build.0 = Debug|Any CPU
		{02D39E1F-E48F-4EEC-A765-E2A19C144F6C}.Release|Any CPU.ActiveCfg = Release|Any CPU
		{02D39E1F-E48F-4EEC-A765-E2A19C144F6C}.Release|Any CPU.Build.0 = Release|Any CPU
	EndGlobalSection
	GlobalSection(SolutionProperties) = preSolution
		HideSolutionNode = FALSE
	EndGlobalSection
	GlobalSection(ExtensibilityGlobals) = postSolution
		SolutionGuid = {800C53EB-D2E7-450C-987B-AC3FF9552C00}
	EndGlobalSection
EndGlobal
